
Microsoft Visual Studio Solution File, Format Version 12.00
# Visual Studio Version 16
VisualStudioVersion = 16.0.28922.388
MinimumVisualStudioVersion = 10.0.40219.1
Project("{2150E333-8FDC-42A3-9474-1A3956D46DE8}") = "src", "src", "{D2C3E169-5C9E-4495-A1E7-515EC291D387}"
EndProject
Project("{2150E333-8FDC-42A3-9474-1A3956D46DE8}") = "Solution Items", "Solution Items", "{6757D949-58ED-4D3C-A257-D894FBAF249A}"
EndProject
Project("{9A19103F-16F7-4668-BE54-9A1E7A4F7556}") = "FluidDbClient", "src\FluidDbClient\FluidDbClient.csproj", "{4FC4AE22-3362-4112-A309-0BD2FE2B9A51}"
EndProject
Project("{9A19103F-16F7-4668-BE54-9A1E7A4F7556}") = "FluidDbClient.Sql", "src\FluidDbClient.Sql\FluidDbClient.Sql.csproj", "{5B956103-15AF-4387-A55D-C64B37372A66}"
EndProject
Project("{9A19103F-16F7-4668-BE54-9A1E7A4F7556}") = "Sandbox", "src\Sandbox\Sandbox.csproj", "{5B294028-A55C-4828-9F17-74AB63D6A0EC}"
EndProject
Project("{FAE04EC0-301F-11D3-BF4B-00C04F79EFBC}") = "FluidDbClient.Sql.Test", "FluidDbClient.Sql.Test\FluidDbClient.Sql.Test.csproj", "{5283855B-FF4C-4B32-8FA9-6718DD20478D}"
EndProject
Project("{9A19103F-16F7-4668-BE54-9A1E7A4F7556}") = "FluidDbClient.Oracle", "src\FluidDbClient.Oracle\FluidDbClient.Oracle.csproj", "{8AF50513-1DD0-47D4-8CC5-234D6B2E9708}"
EndProject
Global
	GlobalSection(SolutionConfigurationPlatforms) = preSolution
		Debug|Any CPU = Debug|Any CPU
		Release|Any CPU = Release|Any CPU
	EndGlobalSection
	GlobalSection(ProjectConfigurationPlatforms) = postSolution
		{4FC4AE22-3362-4112-A309-0BD2FE2B9A51}.Debug|Any CPU.ActiveCfg = Debug|Any CPU
		{4FC4AE22-3362-4112-A309-0BD2FE2B9A51}.Debug|Any CPU.Build.0 = Debug|Any CPU
		{4FC4AE22-3362-4112-A309-0BD2FE2B9A51}.Release|Any CPU.ActiveCfg = Release|Any CPU
		{4FC4AE22-3362-4112-A309-0BD2FE2B9A51}.Release|Any CPU.Build.0 = Release|Any CPU
		{5B956103-15AF-4387-A55D-C64B37372A66}.Debug|Any CPU.ActiveCfg = Debug|Any CPU
		{5B956103-15AF-4387-A55D-C64B37372A66}.Debug|Any CPU.Build.0 = Debug|Any CPU
		{5B956103-15AF-4387-A55D-C64B37372A66}.Release|Any CPU.ActiveCfg = Release|Any CPU
		{5B956103-15AF-4387-A55D-C64B37372A66}.Release|Any CPU.Build.0 = Release|Any CPU
		{5B294028-A55C-4828-9F17-74AB63D6A0EC}.Debug|Any CPU.ActiveCfg = Debug|Any CPU
		{5B294028-A55C-4828-9F17-74AB63D6A0EC}.Debug|Any CPU.Build.0 = Debug|Any CPU
		{5B294028-A55C-4828-9F17-74AB63D6A0EC}.Release|Any CPU.ActiveCfg = Release|Any CPU
		{5B294028-A55C-4828-9F17-74AB63D6A0EC}.Release|Any CPU.Build.0 = Release|Any CPU
		{5283855B-FF4C-4B32-8FA9-6718DD20478D}.Debug|Any CPU.ActiveCfg = Debug|Any CPU
		{5283855B-FF4C-4B32-8FA9-6718DD20478D}.Debug|Any CPU.Build.0 = Debug|Any CPU
		{5283855B-FF4C-4B32-8FA9-6718DD20478D}.Release|Any CPU.ActiveCfg = Release|Any CPU
		{5283855B-FF4C-4B32-8FA9-6718DD20478D}.Release|Any CPU.Build.0 = Release|Any CPU
		{8AF50513-1DD0-47D4-8CC5-234D6B2E9708}.Debug|Any CPU.ActiveCfg = Debug|Any CPU
		{8AF50513-1DD0-47D4-8CC5-234D6B2E9708}.Debug|Any CPU.Build.0 = Debug|Any CPU
		{8AF50513-1DD0-47D4-8CC5-234D6B2E9708}.Release|Any CPU.ActiveCfg = Release|Any CPU
		{8AF50513-1DD0-47D4-8CC5-234D6B2E9708}.Release|Any CPU.Build.0 = Release|Any CPU
	EndGlobalSection
	GlobalSection(SolutionProperties) = preSolution
		HideSolutionNode = FALSE
	EndGlobalSection
	GlobalSection(NestedProjects) = preSolution
		{4FC4AE22-3362-4112-A309-0BD2FE2B9A51} = {D2C3E169-5C9E-4495-A1E7-515EC291D387}
		{5B956103-15AF-4387-A55D-C64B37372A66} = {D2C3E169-5C9E-4495-A1E7-515EC291D387}
		{5B294028-A55C-4828-9F17-74AB63D6A0EC} = {D2C3E169-5C9E-4495-A1E7-515EC291D387}
		{8AF50513-1DD0-47D4-8CC5-234D6B2E9708} = {D2C3E169-5C9E-4495-A1E7-515EC291D387}
	EndGlobalSection
	GlobalSection(ExtensibilityGlobals) = postSolution
		SolutionGuid = {2F591769-2B58-4284-A8EA-914DB88991F3}
	EndGlobalSection
EndGlobal
